
Microsoft Visual Studio Solution File, Format Version 12.00
# Visual Studio 2013
VisualStudioVersion = 12.0.30723.0
MinimumVisualStudioVersion = 10.0.40219.1
Project("{FAE04EC0-301F-11D3-BF4B-00C04F79EFBC}") = "Sitecore.Strategy.Contacts", "Sitecore.Strategy.Contacts\Sitecore.Strategy.Contacts.csproj", "{01946754-56F6-438F-92BB-FAD19C054D30}"
EndProject
Project("{FAE04EC0-301F-11D3-BF4B-00C04F79EFBC}") = "Sitecore.Strategy.Contacts.Sample", "Sitecore.Strategy.Contacts.Sample\Sitecore.Strategy.Contacts.Sample.csproj", "{B708ECAF-3DC3-4966-BB65-D498900BC96C}"
EndProject
Project("{FAE04EC0-301F-11D3-BF4B-00C04F79EFBC}") = "Sitecore.Strategy.Contacts.Rules", "Sitecore.Strategy.Contacts.Rules\Sitecore.Strategy.Contacts.Rules.csproj", "{9A27C95C-4C23-4689-9486-54EA703C40E8}"
EndProject
Global
	GlobalSection(SolutionConfigurationPlatforms) = preSolution
		Debug|Any CPU = Debug|Any CPU
		Release|Any CPU = Release|Any CPU
	EndGlobalSection
	GlobalSection(ProjectConfigurationPlatforms) = postSolution
		{01946754-56F6-438F-92BB-FAD19C054D30}.Debug|Any CPU.ActiveCfg = Debug|Any CPU
		{01946754-56F6-438F-92BB-FAD19C054D30}.Debug|Any CPU.Build.0 = Debug|Any CPU
		{01946754-56F6-438F-92BB-FAD19C054D30}.Release|Any CPU.ActiveCfg = Release|Any CPU
		{01946754-56F6-438F-92BB-FAD19C054D30}.Release|Any CPU.Build.0 = Release|Any CPU
		{B708ECAF-3DC3-4966-BB65-D498900BC96C}.Debug|Any CPU.ActiveCfg = Debug|Any CPU
		{B708ECAF-3DC3-4966-BB65-D498900BC96C}.Debug|Any CPU.Build.0 = Debug|Any CPU
		{B708ECAF-3DC3-4966-BB65-D498900BC96C}.Release|Any CPU.ActiveCfg = Release|Any CPU
		{B708ECAF-3DC3-4966-BB65-D498900BC96C}.Release|Any CPU.Build.0 = Release|Any CPU
		{9A27C95C-4C23-4689-9486-54EA703C40E8}.Debug|Any CPU.ActiveCfg = Debug|Any CPU
		{9A27C95C-4C23-4689-9486-54EA703C40E8}.Debug|Any CPU.Build.0 = Debug|Any CPU
		{9A27C95C-4C23-4689-9486-54EA703C40E8}.Release|Any CPU.ActiveCfg = Release|Any CPU
		{9A27C95C-4C23-4689-9486-54EA703C40E8}.Release|Any CPU.Build.0 = Release|Any CPU
	EndGlobalSection
	GlobalSection(SolutionProperties) = preSolution
		HideSolutionNode = FALSE
	EndGlobalSection
EndGlobal
